<?xml version="1.0" encoding="utf-8"?>
<Project xmlns="http://schemas.microsoft.com/developer/msbuild/2003">
  <ItemGroup>
    <Filter Include="Generated Files">
      <UniqueIdentifier>{71ED8ED8-ACB9-4CE9-BBE1-E00B30144E11}</UniqueIdentifier>
      <Extensions>cpp;c;cxx;moc;h;def;odl;idl;res;</Extensions>
    </Filter>
    <Filter Include="Generated Files">
      <UniqueIdentifier>{71ED8ED8-ACB9-4CE9-BBE1-E00B30144E11}</UniqueIdentifier>
      <Extensions>cpp;c;cxx;moc;h;def;odl;idl;res;</Extensions>
    </Filter>
    <Filter Include="Header Files">
      <UniqueIdentifier>{93995380-89BD-4b04-88EB-625FBE52EBFB}</UniqueIdentifier>
      <Extensions>h;hpp;hxx;hm;inl;inc;xsd</Extensions>
    </Filter>
    <Filter Include="Header Files">
      <UniqueIdentifier>{93995380-89BD-4b04-88EB-625FBE52EBFB}</UniqueIdentifier>
      <Extensions>h;hpp;hxx;hm;inl;inc;xsd</Extensions>
    </Filter>
    <Filter Include="Resource Files">
      <UniqueIdentifier>{D9D6E242-F8AF-46E4-B9FD-80ECBC20BA3E}</UniqueIdentifier>
      <Extensions>qrc;*</Extensions>
      <ParseFiles>false</ParseFiles>
    </Filter>
    <Filter Include="Resource Files">
      <UniqueIdentifier>{D9D6E242-F8AF-46E4-B9FD-80ECBC20BA3E}</UniqueIdentifier>
      <Extensions>qrc;*</Extensions>
      <ParseFiles>false</ParseFiles>
    </Filter>
    <Filter Include="Source Files">
      <UniqueIdentifier>{4FC737F1-C7A5-4376-A066-2A32D752A2FF}</UniqueIdentifier>
      <Extensions>cpp;c;cxx;def;odl;idl;hpj;bat;asm;asmx</Extensions>
    </Filter>
    <Filter Include="Source Files">
      <UniqueIdentifier>{4FC737F1-C7A5-4376-A066-2A32D752A2FF}</UniqueIdentifier>
      <Extensions>cpp;c;cxx;def;odl;idl;hpj;bat;asm;asmx</Extensions>
    </Filter>
  </ItemGroup>
  <ItemGroup>
    <ClCompile Include="src\debugger\BreakpointsWin.cpp">
      <Filter>Source Files</Filter>
    </ClCompile>
    <ClCompile Include="src\debugger\CartFilesListWin.cpp">
      <Filter>Source Files</Filter>
    </ClCompile>
    <ClCompile Include="src\debugger\DBGManager.cpp">
      <Filter>Source Files</Filter>
    </ClCompile>
    <ClCompile Include="src\debugger\DSPDasmWin.cpp">
      <Filter>Source Files</Filter>
    </ClCompile>
    <ClCompile Include="src\debugger\DWARFManager.cpp">
      <Filter>Source Files</Filter>
    </ClCompile>
    <ClCompile Include="src\debugger\DasmWin.cpp">
      <Filter>Source Files</Filter>
    </ClCompile>
    <ClCompile Include="src\debugger\ELFManager.cpp">
      <Filter>Source Files</Filter>
    </ClCompile>
    <ClCompile Include="src\debugger\FilesrcListWin.cpp">
      <Filter>Source Files</Filter>
    </ClCompile>
    <ClCompile Include="src\debugger\GPUDasmWin.cpp">
      <Filter>Source Files</Filter>
    </ClCompile>
    <ClCompile Include="src\debugger\HWLABELManager.cpp">
      <Filter>Source Files</Filter>
    </ClCompile>
    <ClCompile Include="src\LEB128.cpp">
      <Filter>Source Files</Filter>
    </ClCompile>
    <ClCompile Include="src\debugger\NewFnctBreakpointWin.cpp">
      <Filter>Source Files</Filter>
    </ClCompile>
    <ClCompile Include="src\debugger\SaveDumpAsWin.cpp">
      <Filter>Source Files</Filter>
    </ClCompile>
    <ClCompile Include="src\debugger\SourceCWin.cpp">
      <Filter>Source Files</Filter>
    </ClCompile>
    <ClCompile Include="src\debugger\SourcesWin.cpp">
      <Filter>Source Files</Filter>
    </ClCompile>
    <ClCompile Include="src\debugger\VideoWin.cpp">
      <Filter>Source Files</Filter>
    </ClCompile>
    <ClCompile Include="src\gui\about.cpp">
      <Filter>Source Files</Filter>
    </ClCompile>
    <ClCompile Include="src\debugger\allwatchbrowser.cpp">
      <Filter>Source Files</Filter>
    </ClCompile>
    <ClCompile Include="src\gui\alpinetab.cpp">
      <Filter>Source Files</Filter>
    </ClCompile>
    <ClCompile Include="src\gui\app.cpp">
      <Filter>Source Files</Filter>
    </ClCompile>
    <ClCompile Include="src\debugger\callstackbrowser.cpp">
      <Filter>Source Files</Filter>
    </ClCompile>
    <ClCompile Include="src\gui\configdialog.cpp">
      <Filter>Source Files</Filter>
    </ClCompile>
    <ClCompile Include="src\gui\controllertab.cpp">
      <Filter>Source Files</Filter>
    </ClCompile>
    <ClCompile Include="src\gui\controllerwidget.cpp">
      <Filter>Source Files</Filter>
    </ClCompile>
    <ClCompile Include="src\gui\debug\cpubrowser.cpp">
      <Filter>Source Files</Filter>
    </ClCompile>
    <ClCompile Include="src\crc32.cpp">
      <Filter>Source Files</Filter>
    </ClCompile>
    <ClCompile Include="src\debugger\debuggertab.cpp">
      <Filter>Source Files</Filter>
    </ClCompile>
    <ClCompile Include="src\gui\emustatus.cpp">
      <Filter>Source Files</Filter>
    </ClCompile>
    <ClCompile Include="src\gui\exceptionstab.cpp">
      <Filter>Source Files</Filter>
    </ClCompile>
    <ClCompile Include="src\debugger\exceptionvectortablebrowser.cpp">
      <Filter>Source Files</Filter>
    </ClCompile>
    <ClCompile Include="src\file.cpp">
      <Filter>Source Files</Filter>
    </ClCompile>
    <ClCompile Include="src\gui\filelistmodel.cpp">
      <Filter>Source Files</Filter>
    </ClCompile>
    <ClCompile Include="src\gui\filepicker.cpp">
      <Filter>Source Files</Filter>
    </ClCompile>
    <ClCompile Include="src\gui\filethread.cpp">
      <Filter>Source Files</Filter>
    </ClCompile>
    <ClCompile Include="src\gui\gamepad.cpp">
      <Filter>Source Files</Filter>
    </ClCompile>
    <ClCompile Include="src\gui\generaltab.cpp">
      <Filter>Source Files</Filter>
    </ClCompile>
    <ClCompile Include="src\gui\glwidget.cpp">
      <Filter>Source Files</Filter>
    </ClCompile>
    <ClCompile Include="src\debugger\heapallocatorbrowser.cpp">
      <Filter>Source Files</Filter>
    </ClCompile>
    <ClCompile Include="src\gui\help.cpp">
      <Filter>Source Files</Filter>
    </ClCompile>
    <ClCompile Include="src\gui\debug\hwregsblitterbrowser.cpp">
      <Filter>Source Files</Filter>
    </ClCompile>
    <ClCompile Include="src\gui\debug\hwregsbrowser.cpp">
      <Filter>Source Files</Filter>
    </ClCompile>
    <ClCompile Include="src\gui\imagedelegate.cpp">
      <Filter>Source Files</Filter>
    </ClCompile>
    <ClCompile Include="src\gui\keybindingstab.cpp">
      <Filter>Source Files</Filter>
    </ClCompile>
    <ClCompile Include="src\gui\keygrabber.cpp">
      <Filter>Source Files</Filter>
    </ClCompile>
    <ClCompile Include="src\debugger\localbrowser.cpp">
      <Filter>Source Files</Filter>
    </ClCompile>
    <ClCompile Include="src\log.cpp">
      <Filter>Source Files</Filter>
    </ClCompile>
    <ClCompile Include="src\debugger\m68kDasmWin.cpp">
      <Filter>Source Files</Filter>
    </ClCompile>
    <ClCompile Include="src\gui\debug\m68kdasmbrowser.cpp">
      <Filter>Source Files</Filter>
    </ClCompile>
    <ClCompile Include="src\gui\mainwin.cpp">
      <Filter>Source Files</Filter>
    </ClCompile>
    <ClCompile Include="src\debugger\memory1browser.cpp">
      <Filter>Source Files</Filter>
    </ClCompile>
    <ClCompile Include="src\gui\debug\memorybrowser.cpp">
      <Filter>Source Files</Filter>
    </ClCompile>
    <ClCompile Include="src\gui\modelsbiostab.cpp">
      <Filter>Source Files</Filter>
    </ClCompile>
    <ClCompile Include="src\gui\debug\opbrowser.cpp">
      <Filter>Source Files</Filter>
    </ClCompile>
    <ClCompile Include="src\gui\profile.cpp">
      <Filter>Source Files</Filter>
    </ClCompile>
    <ClCompile Include="src\gui\debug\riscdasmbrowser.cpp">
      <Filter>Source Files</Filter>
    </ClCompile>
    <ClCompile Include="src\gui\debug\romcartbrowser.cpp">
      <Filter>Source Files</Filter>
    </ClCompile>
    <ClCompile Include="src\settings.cpp">
      <Filter>Source Files</Filter>
    </ClCompile>
    <ClCompile Include="src\gui\debug\stackbrowser.cpp">
      <Filter>Source Files</Filter>
    </ClCompile>
    <ClCompile Include="src\unzip.cpp">
      <Filter>Source Files</Filter>
    </ClCompile>
  </ItemGroup>
  <ItemGroup>
    <QtMoc Include="src\debugger\BreakpointsWin.h">
      <Filter>Header Files</Filter>
    </QtMoc>
    <QtMoc Include="src\debugger\CartFilesListWin.h">
      <Filter>Header Files</Filter>
    </QtMoc>
    <ClInclude Include="src\debugger\DBGManager.h">
      <Filter>Header Files</Filter>
    </ClInclude>
    <QtMoc Include="src\debugger\DSPDasmWin.h">
      <Filter>Header Files</Filter>
    </QtMoc>
    <ClInclude Include="src\debugger\DWARFManager.h">
      <Filter>Header Files</Filter>
    </ClInclude>
    <QtMoc Include="src\debugger\DasmWin.h">
      <Filter>Header Files</Filter>
    </QtMoc>
    <ClInclude Include="src\debugger\ELFManager.h">
      <Filter>Header Files</Filter>
    </ClInclude>
    <QtMoc Include="src\debugger\FilesrcListWin.h">
      <Filter>Header Files</Filter>
    </QtMoc>
    <QtMoc Include="src\debugger\GPUDasmWin.h">
      <Filter>Header Files</Filter>
    </QtMoc>
    <ClInclude Include="src\debugger\HWLABELManager.h">
      <Filter>Header Files</Filter>
    </ClInclude>
    <ClInclude Include="src\LEB128.h">
      <Filter>Header Files</Filter>
    </ClInclude>
    <QtMoc Include="src\debugger\NewFnctBreakpointWin.h">
      <Filter>Header Files</Filter>
    </QtMoc>
    <QtMoc Include="src\debugger\SaveDumpAsWin.h">
      <Filter>Header Files</Filter>
    </QtMoc>
    <QtMoc Include="src\debugger\SourceCWin.h">
      <Filter>Header Files</Filter>
    </QtMoc>
    <QtMoc Include="src\debugger\SourcesWin.h">
      <Filter>Header Files</Filter>
    </QtMoc>
    <QtMoc Include="src\debugger\VideoWin.h">
      <Filter>Header Files</Filter>
    </QtMoc>
    <ClInclude Include="src\gui\about.h">
      <Filter>Header Files</Filter>
    </ClInclude>
    <QtMoc Include="src\debugger\allwatchbrowser.h">
      <Filter>Header Files</Filter>
    </QtMoc>
    <QtMoc Include="src\gui\alpinetab.h">
      <Filter>Header Files</Filter>
    </QtMoc>
    <ClInclude Include="src\gui\app.h">
      <Filter>Header Files</Filter>
    </ClInclude>
    <QtMoc Include="src\debugger\callstackbrowser.h">
      <Filter>Header Files</Filter>
    </QtMoc>
    <QtMoc Include="src\gui\configdialog.h">
      <Filter>Header Files</Filter>
    </QtMoc>
    <QtMoc Include="src\gui\controllertab.h">
      <Filter>Header Files</Filter>
    </QtMoc>
    <QtMoc Include="src\gui\controllerwidget.h">
      <Filter>Header Files</Filter>
    </QtMoc>
    <QtMoc Include="src\gui\debug\cpubrowser.h">
      <Filter>Header Files</Filter>
    </QtMoc>
    <ClInclude Include="src\crc32.h">
      <Filter>Header Files</Filter>
    </ClInclude>
    <QtMoc Include="src\debugger\debuggertab.h">
      <Filter>Header Files</Filter>
    </QtMoc>
    <QtMoc Include="src\gui\emustatus.h">
      <Filter>Header Files</Filter>
    </QtMoc>
    <QtMoc Include="src\gui\exceptionstab.h">
      <Filter>Header Files</Filter>
    </QtMoc>
    <QtMoc Include="src\debugger\exceptionvectortablebrowser.h">
      <Filter>Header Files</Filter>
    </QtMoc>
    <ClInclude Include="src\file.h">
      <Filter>Header Files</Filter>
    </ClInclude>
    <ClInclude Include="src\gui\filelistmodel.h">
      <Filter>Header Files</Filter>
    </ClInclude>
    <QtMoc Include="src\gui\filepicker.h">
      <Filter>Header Files</Filter>
    </QtMoc>
    <QtMoc Include="src\gui\filethread.h">
      <Filter>Header Files</Filter>
    </QtMoc>
    <ClInclude Include="src\gui\gamepad.h">
      <Filter>Header Files</Filter>
    </ClInclude>
    <QtMoc Include="src\gui\generaltab.h">
      <Filter>Header Files</Filter>
    </QtMoc>
    <QtMoc Include="src\gui\glwidget.h">
      <Filter>Header Files</Filter>
    </QtMoc>
    <QtMoc Include="src\debugger\heapallocatorbrowser.h">
      <Filter>Header Files</Filter>
    </QtMoc>
    <ClInclude Include="src\gui\help.h">
      <Filter>Header Files</Filter>
    </ClInclude>
    <QtMoc Include="src\gui\debug\hwregsblitterbrowser.h">
      <Filter>Header Files</Filter>
    </QtMoc>
    <QtMoc Include="src\gui\debug\hwregsbrowser.h">
      <Filter>Header Files</Filter>
    </QtMoc>
    <ClInclude Include="src\gui\imagedelegate.h">
      <Filter>Header Files</Filter>
    </ClInclude>
    <QtMoc Include="src\gui\keybindingstab.h">
      <Filter>Header Files</Filter>
    </QtMoc>
    <QtMoc Include="src\gui\keygrabber.h">
      <Filter>Header Files</Filter>
    </QtMoc>
    <QtMoc Include="src\debugger\localbrowser.h">
      <Filter>Header Files</Filter>
    </QtMoc>
    <ClInclude Include="src\log.h">
      <Filter>Header Files</Filter>
    </ClInclude>
    <QtMoc Include="src\debugger\m68kDasmWin.h">
      <Filter>Header Files</Filter>
    </QtMoc>
    <QtMoc Include="src\gui\debug\m68kdasmbrowser.h">
      <Filter>Header Files</Filter>
    </QtMoc>
    <QtMoc Include="src\gui\mainwin.h">
      <Filter>Header Files</Filter>
    </QtMoc>
    <QtMoc Include="src\debugger\memory1browser.h">
      <Filter>Header Files</Filter>
    </QtMoc>
    <QtMoc Include="src\gui\debug\memorybrowser.h">
      <Filter>Header Files</Filter>
    </QtMoc>
    <QtMoc Include="src\gui\modelsbiostab.h">
      <Filter>Header Files</Filter>
    </QtMoc>
    <QtMoc Include="src\gui\debug\opbrowser.h">
      <Filter>Header Files</Filter>
    </QtMoc>
    <ClInclude Include="src\gui\profile.h">
      <Filter>Header Files</Filter>
    </ClInclude>
    <QtMoc Include="src\gui\debug\riscdasmbrowser.h">
      <Filter>Header Files</Filter>
    </QtMoc>
    <QtMoc Include="src\gui\debug\romcartbrowser.h">
      <Filter>Header Files</Filter>
    </QtMoc>
    <ClInclude Include="src\settings.h">
      <Filter>Header Files</Filter>
    </ClInclude>
    <QtMoc Include="src\gui\debug\stackbrowser.h">
      <Filter>Header Files</Filter>
    </QtMoc>
    <ClInclude Include="src\unzip.h">
      <Filter>Header Files</Filter>
    </ClInclude>
  </ItemGroup>
  <ItemGroup>
    
    
    
    
    
    
    
    
    
    
    
    
    
    
    
    
    
    
    
    
    
    
    
    
    
    
    
    
    
    
    
    
    
    
    
    
    
    
    
    <CustomBuild Include="obj\moc_predefs.h.cbt">
      <Filter>Generated Files</Filter>
    </CustomBuild>
    
    
    
    
  </ItemGroup>
  <ItemGroup>
    <None Include="res\ELF-file.png">
      <Filter>Resource Files</Filter>
    </None>
    <None Include="res\alpine-file.png">
      <Filter>Resource Files</Filter>
    </None>
    <None Include="res\blur-off.png">
      <Filter>Resource Files</Filter>
    </None>
    <None Include="res\blur-on.png">
      <Filter>Resource Files</Filter>
    </None>
    <None Include="res\cart-blank.png">
      <Filter>Resource Files</Filter>
    </None>
    <None Include="res\compact-disc.png">
      <Filter>Resource Files</Filter>
    </None>
    <None Include="res\controller.png">
      <Filter>Resource Files</Filter>
    </None>
    <None Include="res\debug-breakpoints.png">
      <Filter>Resource Files</Filter>
    </None>
    <None Include="res\debug-callstack.png">
      <Filter>Resource Files</Filter>
    </None>
    <None Include="res\debug-deleteallbreakpoints.png">
      <Filter>Resource Files</Filter>
    </None>
    <None Include="res\debug-disableallbreakpoints.png">
      <Filter>Resource Files</Filter>
    </None>
    <None Include="res\debug-local.png">
      <Filter>Resource Files</Filter>
    </None>
    <None Include="res\debug-memory.png">
      <Filter>Resource Files</Filter>
    </None>
    <None Include="res\debug-restart.png">
      <Filter>Resource Files</Filter>
    </None>
    <None Include="res\debug-stepinto.png">
      <Filter>Resource Files</Filter>
    </None>
    <None Include="res\debug-stepover.png">
      <Filter>Resource Files</Filter>
    </None>
    <None Include="res\debug-watch.png">
      <Filter>Resource Files</Filter>
    </None>
    <None Include="res\exit.png">
      <Filter>Resource Files</Filter>
    </None>
    <None Include="res\frame-advance.png">
      <Filter>Resource Files</Filter>
    </None>
    <None Include="res\fullscreen.png">
      <Filter>Resource Files</Filter>
    </None>
    <None Include="res\generic.png">
      <Filter>Resource Files</Filter>
    </None>
    <None Include="res\help.html">
      <Filter>Resource Files</Filter>
    </None>
    <None Include="res\homebrew-file.png">
      <Filter>Resource Files</Filter>
    </None>
    <None Include="res\insert.png">
      <Filter>Resource Files</Filter>
    </None>
    <None Include="res\label-blank.png">
      <Filter>Resource Files</Filter>
    </None>
    <None Include="res\ntsc.png">
      <Filter>Resource Files</Filter>
    </None>
    <None Include="res\pal.png">
      <Filter>Resource Files</Filter>
    </None>
    <None Include="res\pause-off.png">
      <Filter>Resource Files</Filter>
    </None>
    <None Include="res\pause-on.png">
      <Filter>Resource Files</Filter>
    </None>
    <None Include="res\power-off.png">
      <Filter>Resource Files</Filter>
    </None>
    <None Include="res\power-on-green.png">
      <Filter>Resource Files</Filter>
    </None>
    <None Include="res\power-on-red.png">
      <Filter>Resource Files</Filter>
    </None>
    <None Include="res\screenshot.png">
      <Filter>Resource Files</Filter>
    </None>
    <None Include="res\skunkboard-file.png">
      <Filter>Resource Files</Filter>
    </None>
    <None Include="res\software.png">
      <Filter>Resource Files</Filter>
    </None>
    <None Include="res\status.png">
      <Filter>Resource Files</Filter>
    </None>
    <None Include="res\test-pattern-pal.jpg">
      <Filter>Resource Files</Filter>
    </None>
    <None Include="res\test-pattern.jpg">
      <Filter>Resource Files</Filter>
    </None>
    <None Include="res\tool-68k-dis.png">
      <Filter>Resource Files</Filter>
    </None>
    <None Include="res\tool-cpu.png">
      <Filter>Resource Files</Filter>
    </None>
    <None Include="res\tool-dsp-ram.png">
      <Filter>Resource Files</Filter>
    </None>
    <None Include="res\tool-gpu-ram.png">
      <Filter>Resource Files</Filter>
    </None>
    <None Include="res\tool-hw-regs.png">
      <Filter>Resource Files</Filter>
    </None>
    <None Include="res\tool-memory.png">
      <Filter>Resource Files</Filter>
    </None>
    <None Include="res\tool-op.png">
      <Filter>Resource Files</Filter>
    </None>
    <None Include="res\tool-risc-dis.png">
      <Filter>Resource Files</Filter>
    </None>
    <None Include="res\tool-romcart.png">
      <Filter>Resource Files</Filter>
    </None>
    <None Include="res\tool-stack.png">
      <Filter>Resource Files</Filter>
    </None>
    <None Include="res\unknown-file.png">
      <Filter>Resource Files</Filter>
    </None>
    <None Include="res\upper-left.png">
      <Filter>Resource Files</Filter>
    </None>
    <None Include="res\upper-right.png">
      <Filter>Resource Files</Filter>
    </None>
    <QtRcc Include="src\gui\virtualjaguar.qrc">
      <Filter>Resource Files</Filter>
    </QtRcc>
    <None Include="res\vj-icon.png">
      <Filter>Resource Files</Filter>
    </None>
    <None Include="res\vj_rx_title_small.png">
      <Filter>Resource Files</Filter>
    </None>
    <None Include="res\wrench.png">
      <Filter>Resource Files</Filter>
    </None>
    <None Include="res\zoom100.png">
      <Filter>Resource Files</Filter>
    </None>
    <None Include="res\zoom200.png">
      <Filter>Resource Files</Filter>
    </None>
    <None Include="res\zoom300.png">
      <Filter>Resource Files</Filter>
    </None>
  </ItemGroup>
  <ItemGroup>
    <ResourceCompile Include="res\vj.rc" />
  </ItemGroup>
</Project>